github.com/rs/cors v1.11.0 h1:0B9GE/r9Bc2UxRMMtymBkHTenPkHDv0CW4Y98GBY+po=
github.com/rs/cors v1.11.0/go.mod h1:XyqrcTp5zjWr1wsJ8PIRZssZ8b/WMcMf71DJnit4EMU=
github.com/zachcheung/eflag v1.3.1 h1:fSqGKym8ZseJPo5F7jzrOGcW0zeKgbjNXd1vh9iSmgw=
github.com/zachcheung/eflag v1.3.1/go.mod h1:unQfQVfmzV2p3CISGVYchmHtrj09AQauD+o+4Tdfa6M=
